
Microsoft Visual Studio Solution File, Format Version 12.00
# Visual Studio Version 16
VisualStudioVersion = 16.0.30804.86
MinimumVisualStudioVersion = 10.0.40219.1
Project("{FAE04EC0-301F-11D3-BF4B-00C04F79EFBC}") = "BehavioralPatterns", "BehavioralPatterns\BehavioralPatterns.csproj", "{0F3492A1-87FD-4815-AB71-7633102B2CE7}"
EndProject
Project("{FAE04EC0-301F-11D3-BF4B-00C04F79EFBC}") = "BehavioralPatternsTests", "BehavioralPatternsTests\BehavioralPatternsTests.csproj", "{2DD3ECBA-1B6D-49C9-B051-346FD7EAD9C6}"
EndProject
Project("{FAE04EC0-301F-11D3-BF4B-00C04F79EFBC}") = "StructuralPatterns", "StructuralPatterns\StructuralPatterns.csproj", "{7496B792-B4CB-475A-8C43-FF79F22523E6}"
EndProject
Project("{FAE04EC0-301F-11D3-BF4B-00C04F79EFBC}") = "StructuralPatternsTest", "StructuralPatternsTest\StructuralPatternsTest.csproj", "{CB66FE1B-461C-4CBA-A132-E1A3FC864ABE}"
EndProject
Global
	GlobalSection(SolutionConfigurationPlatforms) = preSolution
		Debug|Any CPU = Debug|Any CPU
		Release|Any CPU = Release|Any CPU
	EndGlobalSection
	GlobalSection(ProjectConfigurationPlatforms) = postSolution
		{0F3492A1-87FD-4815-AB71-7633102B2CE7}.Debug|Any CPU.ActiveCfg = Debug|Any CPU
		{0F3492A1-87FD-4815-AB71-7633102B2CE7}.Debug|Any CPU.Build.0 = Debug|Any CPU
		{0F3492A1-87FD-4815-AB71-7633102B2CE7}.Release|Any CPU.ActiveCfg = Release|Any CPU
		{0F3492A1-87FD-4815-AB71-7633102B2CE7}.Release|Any CPU.Build.0 = Release|Any CPU
		{2DD3ECBA-1B6D-49C9-B051-346FD7EAD9C6}.Debug|Any CPU.ActiveCfg = Debug|Any CPU
		{2DD3ECBA-1B6D-49C9-B051-346FD7EAD9C6}.Debug|Any CPU.Build.0 = Debug|Any CPU
		{2DD3ECBA-1B6D-49C9-B051-346FD7EAD9C6}.Release|Any CPU.ActiveCfg = Release|Any CPU
		{2DD3ECBA-1B6D-49C9-B051-346FD7EAD9C6}.Release|Any CPU.Build.0 = Release|Any CPU
		{7496B792-B4CB-475A-8C43-FF79F22523E6}.Debug|Any CPU.ActiveCfg = Debug|Any CPU
		{7496B792-B4CB-475A-8C43-FF79F22523E6}.Debug|Any CPU.Build.0 = Debug|Any CPU
		{7496B792-B4CB-475A-8C43-FF79F22523E6}.Release|Any CPU.ActiveCfg = Release|Any CPU
		{7496B792-B4CB-475A-8C43-FF79F22523E6}.Release|Any CPU.Build.0 = Release|Any CPU
		{CB66FE1B-461C-4CBA-A132-E1A3FC864ABE}.Debug|Any CPU.ActiveCfg = Debug|Any CPU
		{CB66FE1B-461C-4CBA-A132-E1A3FC864ABE}.Debug|Any CPU.Build.0 = Debug|Any CPU
		{CB66FE1B-461C-4CBA-A132-E1A3FC864ABE}.Release|Any CPU.ActiveCfg = Release|Any CPU
		{CB66FE1B-461C-4CBA-A132-E1A3FC864ABE}.Release|Any CPU.Build.0 = Release|Any CPU
	EndGlobalSection
	GlobalSection(SolutionProperties) = preSolution
		HideSolutionNode = FALSE
	EndGlobalSection
	GlobalSection(ExtensibilityGlobals) = postSolution
		SolutionGuid = {0EB1BF44-19F1-41BB-A9D4-125CF0C9F7FA}
	EndGlobalSection
EndGlobal
